
Microsoft Visual Studio Solution File, Format Version 12.00
# Visual Studio Version 16
VisualStudioVersion = 16.0.29424.173
MinimumVisualStudioVersion = 10.0.40219.1
Project("{FAE04EC0-301F-11D3-BF4B-00C04F79EFBC}") = "TimeTrackingFrontEnd", "TimeTrackingFrontEnd\TimeTrackingFrontEnd.csproj", "{E59C7896-A7A4-457E-B0F7-938C5148A777}"
EndProject
Global
	GlobalSection(SolutionConfigurationPlatforms) = preSolution
		Debug|Any CPU = Debug|Any CPU
		Release|Any CPU = Release|Any CPU
	EndGlobalSection
	GlobalSection(ProjectConfigurationPlatforms) = postSolution
		{E59C7896-A7A4-457E-B0F7-938C5148A777}.Debug|Any CPU.ActiveCfg = Debug|Any CPU
		{E59C7896-A7A4-457E-B0F7-938C5148A777}.Debug|Any CPU.Build.0 = Debug|Any CPU
		{E59C7896-A7A4-457E-B0F7-938C5148A777}.Release|Any CPU.ActiveCfg = Release|Any CPU
		{E59C7896-A7A4-457E-B0F7-938C5148A777}.Release|Any CPU.Build.0 = Release|Any CPU
	EndGlobalSection
	GlobalSection(SolutionProperties) = preSolution
		HideSolutionNode = FALSE
	EndGlobalSection
	GlobalSection(ExtensibilityGlobals) = postSolution
		SolutionGuid = {16BBBB4E-A66D-4309-977D-5904B441779E}
	EndGlobalSection
EndGlobal
